
Microsoft Visual Studio Solution File, Format Version 12.00
Project("{FAE04EC0-301F-11D3-BF4B-00C04F79EFBC}") = "Pro-079-X", "Pro-079-X\Pro-079-X.csproj", "{F2C470C4-8D4D-47C8-9F7B-155D58169AEB}"
EndProject
Project("{2150E333-8FDC-42A3-9474-1A3956D46DE8}") = "Pro-079-X", "Pro-079-X", "{E989C597-2DCD-444C-9B25-8F28EAAF2DC9}"
EndProject
Project("{2150E333-8FDC-42A3-9474-1A3956D46DE8}") = "Ultimates", "Ultimates", "{DD0A0E4B-3B7F-439F-85F3-5BF4008B93CA}"
EndProject
Project("{2150E333-8FDC-42A3-9474-1A3956D46DE8}") = "Modules", "Modules", "{80103847-942D-4D17-933E-BE665CD84CEA}"
EndProject
Project("{2150E333-8FDC-42A3-9474-1A3956D46DE8}") = "Pro079XGenerators", "Pro079XGenerators", "{67EEF07D-D9F0-4CA4-9D9C-709DBAD0C503}"
EndProject
Project("{2150E333-8FDC-42A3-9474-1A3956D46DE8}") = "Pro079XBlackout", "Pro079XBlackout", "{126482AD-0C8E-4BA0-BAAF-0B68D0165D01}"
EndProject
Project("{FAE04EC0-301F-11D3-BF4B-00C04F79EFBC}") = "Pro079XGenerators", "Modules\Pro079XGenerators\Pro079XGenerators.csproj", "{125EFB99-093A-4D86-A045-478DC9FD2C7D}"
EndProject
Project("{FAE04EC0-301F-11D3-BF4B-00C04F79EFBC}") = "Pro079XBlackout", "Ultimates\Pro079XBlackout\Pro079XBlackout.csproj", "{5A558496-0D78-46C2-8EE3-ADE6A3FFC437}"
EndProject
Project("{2150E333-8FDC-42A3-9474-1A3956D46DE8}") = "Pro079XGrenade", "Pro079XGrenade", "{6894CA3E-DF28-4F53-A8DF-283A640B86A6}"
EndProject
Project("{FAE04EC0-301F-11D3-BF4B-00C04F79EFBC}") = "Pro079XGrenade", "Ultimates\Pro079XGrenade\Pro079XGrenade.csproj", "{9E41083F-4451-441E-BCC0-0DD3EE139FB7}"
EndProject
Project("{2150E333-8FDC-42A3-9474-1A3956D46DE8}") = "FunneSounds", "FunneSounds", "{BE2516B6-F290-422A-83E2-59BBF084D938}"
EndProject
Project("{FAE04EC0-301F-11D3-BF4B-00C04F79EFBC}") = "FunneSounds", "Modules\FunneSounds\FunneSounds.csproj", "{894F17F4-3C2E-480B-AF62-13D6A109ECFE}"
EndProject
Project("{2150E333-8FDC-42A3-9474-1A3956D46DE8}") = "Pro079XKeycardMalfunction", "Pro079XKeycardMalfunction", "{EB40F92C-EE24-422E-A105-B2820E9C895A}"
EndProject
Project("{FAE04EC0-301F-11D3-BF4B-00C04F79EFBC}") = "Pro079XKeycardMalfunction", "Ultimates\Pro079XKeycardMalfunction\Pro079XKeycardMalfunction.csproj", "{10355411-FA5D-4F40-8F1F-1A2A3BFD610D}"
EndProject
Global
	GlobalSection(SolutionConfigurationPlatforms) = preSolution
		Debug|Any CPU = Debug|Any CPU
		Release|Any CPU = Release|Any CPU
	EndGlobalSection
	GlobalSection(ProjectConfigurationPlatforms) = postSolution
		{F2C470C4-8D4D-47C8-9F7B-155D58169AEB}.Debug|Any CPU.ActiveCfg = Debug|Any CPU
		{F2C470C4-8D4D-47C8-9F7B-155D58169AEB}.Debug|Any CPU.Build.0 = Debug|Any CPU
		{F2C470C4-8D4D-47C8-9F7B-155D58169AEB}.Release|Any CPU.ActiveCfg = Release|Any CPU
		{F2C470C4-8D4D-47C8-9F7B-155D58169AEB}.Release|Any CPU.Build.0 = Release|Any CPU
		{125EFB99-093A-4D86-A045-478DC9FD2C7D}.Debug|Any CPU.ActiveCfg = Debug|Any CPU
		{125EFB99-093A-4D86-A045-478DC9FD2C7D}.Debug|Any CPU.Build.0 = Debug|Any CPU
		{125EFB99-093A-4D86-A045-478DC9FD2C7D}.Release|Any CPU.ActiveCfg = Release|Any CPU
		{125EFB99-093A-4D86-A045-478DC9FD2C7D}.Release|Any CPU.Build.0 = Release|Any CPU
		{5A558496-0D78-46C2-8EE3-ADE6A3FFC437}.Debug|Any CPU.ActiveCfg = Debug|Any CPU
		{5A558496-0D78-46C2-8EE3-ADE6A3FFC437}.Debug|Any CPU.Build.0 = Debug|Any CPU
		{5A558496-0D78-46C2-8EE3-ADE6A3FFC437}.Release|Any CPU.ActiveCfg = Release|Any CPU
		{5A558496-0D78-46C2-8EE3-ADE6A3FFC437}.Release|Any CPU.Build.0 = Release|Any CPU
		{9E41083F-4451-441E-BCC0-0DD3EE139FB7}.Debug|Any CPU.ActiveCfg = Debug|Any CPU
		{9E41083F-4451-441E-BCC0-0DD3EE139FB7}.Debug|Any CPU.Build.0 = Debug|Any CPU
		{9E41083F-4451-441E-BCC0-0DD3EE139FB7}.Release|Any CPU.ActiveCfg = Release|Any CPU
		{9E41083F-4451-441E-BCC0-0DD3EE139FB7}.Release|Any CPU.Build.0 = Release|Any CPU
		{894F17F4-3C2E-480B-AF62-13D6A109ECFE}.Debug|Any CPU.ActiveCfg = Debug|Any CPU
		{894F17F4-3C2E-480B-AF62-13D6A109ECFE}.Debug|Any CPU.Build.0 = Debug|Any CPU
		{894F17F4-3C2E-480B-AF62-13D6A109ECFE}.Release|Any CPU.ActiveCfg = Release|Any CPU
		{894F17F4-3C2E-480B-AF62-13D6A109ECFE}.Release|Any CPU.Build.0 = Release|Any CPU
		{10355411-FA5D-4F40-8F1F-1A2A3BFD610D}.Debug|Any CPU.ActiveCfg = Debug|Any CPU
		{10355411-FA5D-4F40-8F1F-1A2A3BFD610D}.Debug|Any CPU.Build.0 = Debug|Any CPU
		{10355411-FA5D-4F40-8F1F-1A2A3BFD610D}.Release|Any CPU.ActiveCfg = Release|Any CPU
		{10355411-FA5D-4F40-8F1F-1A2A3BFD610D}.Release|Any CPU.Build.0 = Release|Any CPU
	EndGlobalSection
	GlobalSection(NestedProjects) = preSolution
		{F2C470C4-8D4D-47C8-9F7B-155D58169AEB} = {E989C597-2DCD-444C-9B25-8F28EAAF2DC9}
		{67EEF07D-D9F0-4CA4-9D9C-709DBAD0C503} = {80103847-942D-4D17-933E-BE665CD84CEA}
		{126482AD-0C8E-4BA0-BAAF-0B68D0165D01} = {DD0A0E4B-3B7F-439F-85F3-5BF4008B93CA}
		{125EFB99-093A-4D86-A045-478DC9FD2C7D} = {67EEF07D-D9F0-4CA4-9D9C-709DBAD0C503}
		{5A558496-0D78-46C2-8EE3-ADE6A3FFC437} = {126482AD-0C8E-4BA0-BAAF-0B68D0165D01}
		{6894CA3E-DF28-4F53-A8DF-283A640B86A6} = {DD0A0E4B-3B7F-439F-85F3-5BF4008B93CA}
		{9E41083F-4451-441E-BCC0-0DD3EE139FB7} = {6894CA3E-DF28-4F53-A8DF-283A640B86A6}
		{BE2516B6-F290-422A-83E2-59BBF084D938} = {80103847-942D-4D17-933E-BE665CD84CEA}
		{894F17F4-3C2E-480B-AF62-13D6A109ECFE} = {BE2516B6-F290-422A-83E2-59BBF084D938}
		{EB40F92C-EE24-422E-A105-B2820E9C895A} = {DD0A0E4B-3B7F-439F-85F3-5BF4008B93CA}
		{10355411-FA5D-4F40-8F1F-1A2A3BFD610D} = {EB40F92C-EE24-422E-A105-B2820E9C895A}
	EndGlobalSection
EndGlobal
