
Microsoft Visual Studio Solution File, Format Version 12.00
Project("{FAE04EC0-301F-11D3-BF4B-00C04F79EFBC}") = "Pro-079-X", "Pro-079-X\Pro-079-X.csproj", "{F2C470C4-8D4D-47C8-9F7B-155D58169AEB}"
EndProject
Project("{2150E333-8FDC-42A3-9474-1A3956D46DE8}") = "Pro-079-X", "Pro-079-X", "{E989C597-2DCD-444C-9B25-8F28EAAF2DC9}"
EndProject
Project("{2150E333-8FDC-42A3-9474-1A3956D46DE8}") = "Ultimates", "Ultimates", "{DD0A0E4B-3B7F-439F-85F3-5BF4008B93CA}"
EndProject
Project("{2150E333-8FDC-42A3-9474-1A3956D46DE8}") = "Modules", "Modules", "{80103847-942D-4D17-933E-BE665CD84CEA}"
EndProject
Project("{FAE04EC0-301F-11D3-BF4B-00C04F79EFBC}") = "Pro079Generators", "Modules\Pro079Generators\Pro079Generators.csproj", "{9DBC87F8-2A3A-4178-8318-CE0B682D1A76}"
EndProject
Project("{2150E333-8FDC-42A3-9474-1A3956D46DE8}") = "Pro079Generators", "Pro079Generators", "{67EEF07D-D9F0-4CA4-9D9C-709DBAD0C503}"
EndProject
Project("{2150E333-8FDC-42A3-9474-1A3956D46DE8}") = "Pro079Blackout", "Pro079Blackout", "{126482AD-0C8E-4BA0-BAAF-0B68D0165D01}"
EndProject
Project("{FAE04EC0-301F-11D3-BF4B-00C04F79EFBC}") = "Pro079Blackout", "Ultimates\Pro079Blackout\Pro079Blackout\Pro079Blackout.csproj", "{A8B308A5-346F-4DCE-8305-69469DB26224}"
EndProject
Global
	GlobalSection(SolutionConfigurationPlatforms) = preSolution
		Debug|Any CPU = Debug|Any CPU
		Release|Any CPU = Release|Any CPU
	EndGlobalSection
	GlobalSection(ProjectConfigurationPlatforms) = postSolution
		{F2C470C4-8D4D-47C8-9F7B-155D58169AEB}.Debug|Any CPU.ActiveCfg = Debug|Any CPU
		{F2C470C4-8D4D-47C8-9F7B-155D58169AEB}.Debug|Any CPU.Build.0 = Debug|Any CPU
		{F2C470C4-8D4D-47C8-9F7B-155D58169AEB}.Release|Any CPU.ActiveCfg = Release|Any CPU
		{F2C470C4-8D4D-47C8-9F7B-155D58169AEB}.Release|Any CPU.Build.0 = Release|Any CPU
		{9DBC87F8-2A3A-4178-8318-CE0B682D1A76}.Debug|Any CPU.ActiveCfg = Debug|Any CPU
		{9DBC87F8-2A3A-4178-8318-CE0B682D1A76}.Debug|Any CPU.Build.0 = Debug|Any CPU
		{9DBC87F8-2A3A-4178-8318-CE0B682D1A76}.Release|Any CPU.ActiveCfg = Release|Any CPU
		{9DBC87F8-2A3A-4178-8318-CE0B682D1A76}.Release|Any CPU.Build.0 = Release|Any CPU
		{A8B308A5-346F-4DCE-8305-69469DB26224}.Debug|Any CPU.ActiveCfg = Debug|Any CPU
		{A8B308A5-346F-4DCE-8305-69469DB26224}.Debug|Any CPU.Build.0 = Debug|Any CPU
		{A8B308A5-346F-4DCE-8305-69469DB26224}.Release|Any CPU.ActiveCfg = Release|Any CPU
		{A8B308A5-346F-4DCE-8305-69469DB26224}.Release|Any CPU.Build.0 = Release|Any CPU
	EndGlobalSection
	GlobalSection(NestedProjects) = preSolution
		{F2C470C4-8D4D-47C8-9F7B-155D58169AEB} = {E989C597-2DCD-444C-9B25-8F28EAAF2DC9}
		{67EEF07D-D9F0-4CA4-9D9C-709DBAD0C503} = {80103847-942D-4D17-933E-BE665CD84CEA}
		{9DBC87F8-2A3A-4178-8318-CE0B682D1A76} = {67EEF07D-D9F0-4CA4-9D9C-709DBAD0C503}
		{126482AD-0C8E-4BA0-BAAF-0B68D0165D01} = {DD0A0E4B-3B7F-439F-85F3-5BF4008B93CA}
		{A8B308A5-346F-4DCE-8305-69469DB26224} = {126482AD-0C8E-4BA0-BAAF-0B68D0165D01}
	EndGlobalSection
EndGlobal
