
Microsoft Visual Studio Solution File, Format Version 12.00
Project("{FAE04EC0-301F-11D3-BF4B-00C04F79EFBC}") = "Pro-079-X", "Pro-079-X\Pro-079-X.csproj", "{F2C470C4-8D4D-47C8-9F7B-155D58169AEB}"
EndProject
Project("{2150E333-8FDC-42A3-9474-1A3956D46DE8}") = "Pro-079-X", "Pro-079-X", "{E989C597-2DCD-444C-9B25-8F28EAAF2DC9}"
EndProject
Project("{2150E333-8FDC-42A3-9474-1A3956D46DE8}") = "Ultimates", "Ultimates", "{DD0A0E4B-3B7F-439F-85F3-5BF4008B93CA}"
EndProject
Project("{2150E333-8FDC-42A3-9474-1A3956D46DE8}") = "Modules", "Modules", "{80103847-942D-4D17-933E-BE665CD84CEA}"
EndProject
Project("{2150E333-8FDC-42A3-9474-1A3956D46DE8}") = "Pro079XGenerators", "Pro079XGenerators", "{67EEF07D-D9F0-4CA4-9D9C-709DBAD0C503}"
EndProject
Project("{2150E333-8FDC-42A3-9474-1A3956D46DE8}") = "Pro079XBlackout", "Pro079XBlackout", "{126482AD-0C8E-4BA0-BAAF-0B68D0165D01}"
EndProject
Project("{FAE04EC0-301F-11D3-BF4B-00C04F79EFBC}") = "Pro079XGenerators", "Modules\Pro079XGenerators\Pro079XGenerators.csproj", "{125EFB99-093A-4D86-A045-478DC9FD2C7D}"
EndProject
Project("{FAE04EC0-301F-11D3-BF4B-00C04F79EFBC}") = "Pro079XBlackout", "Ultimates\Pro079XBlackout\Pro079XBlackout.csproj", "{5A558496-0D78-46C2-8EE3-ADE6A3FFC437}"
EndProject
Project("{2150E333-8FDC-42A3-9474-1A3956D46DE8}") = "Pro079XGrenade", "Pro079XGrenade", "{6894CA3E-DF28-4F53-A8DF-283A640B86A6}"
EndProject
Project("{FAE04EC0-301F-11D3-BF4B-00C04F79EFBC}") = "Pro079XGrenade", "Ultimates\Pro079XGrenade\Pro079XGrenade.csproj", "{9E41083F-4451-441E-BCC0-0DD3EE139FB7}"
EndProject
Project("{2150E333-8FDC-42A3-9474-1A3956D46DE8}") = "Pro079XGas", "Pro079XGas", "{9C0AADD0-EA7B-4BCE-9EA5-ED9333CA3902}"
EndProject
Project("{FAE04EC0-301F-11D3-BF4B-00C04F79EFBC}") = "Pro079XGas", "Modules\Pro079XGas\Pro079XGas.csproj", "{8C99DA81-2D92-4C09-B723-40348ADEE06A}"
EndProject
Project("{2150E333-8FDC-42A3-9474-1A3956D46DE8}") = "Pro079XChaos", "Pro079XChaos", "{7CFA01A9-7FAB-46AA-A2F9-7F44532CAB1D}"
EndProject
Project("{FAE04EC0-301F-11D3-BF4B-00C04F79EFBC}") = "Pro079XChaos", "Modules\Pro079XChaos\Pro079XChaos.csproj", "{74CD65C7-14F5-4055-92FD-EC117BEFE0D3}"
EndProject
Project("{2150E333-8FDC-42A3-9474-1A3956D46DE8}") = "Pro079XTeleport", "Pro079XTeleport", "{643687AC-1BC2-45F2-BE34-DB3AAE30E38F}"
EndProject
Project("{FAE04EC0-301F-11D3-BF4B-00C04F79EFBC}") = "Pro079XScpTeleport", "Modules\Pro079XScpTeleport\Pro079XScpTeleport.csproj", "{3838C57D-C0AE-4C68-A290-0D6A3ACFF10D}"
EndProject
Project("{2150E333-8FDC-42A3-9474-1A3956D46DE8}") = "Pro079XMtf", "Pro079XMtf", "{CD3163DD-BCE0-44C6-9EFF-2A3BA9835DB9}"
EndProject
Project("{FAE04EC0-301F-11D3-BF4B-00C04F79EFBC}") = "Pro079XMtf", "Modules\Pro079XMtf\Pro079XMtf.csproj", "{D536F6A0-150D-4B29-A9D9-B4DE27B34A33}"
EndProject
Project("{2150E333-8FDC-42A3-9474-1A3956D46DE8}") = "Pro079XScp", "Pro079XScp", "{F33C6E34-22D6-451D-8138-A55B1A4E74B5}"
EndProject
Project("{FAE04EC0-301F-11D3-BF4B-00C04F79EFBC}") = "Pro079XScp", "Modules\Pro079XScp\Pro079XScp.csproj", "{F98D7EB8-0E02-443A-AA84-EDAFE0195CA7}"
EndProject
Project("{2150E333-8FDC-42A3-9474-1A3956D46DE8}") = "Pro079XTesla", "Pro079XTesla", "{C6430643-3569-4F0B-81C8-C03A110E4AB8}"
EndProject
Project("{FAE04EC0-301F-11D3-BF4B-00C04F79EFBC}") = "Pro079XTesla", "Modules\Pro079XTesla\Pro079XTesla.csproj", "{78D314DC-0385-4975-82C6-7067F86C1827}"
EndProject
Project("{2150E333-8FDC-42A3-9474-1A3956D46DE8}") = "Pro079XKeycardMalfunction", "Pro079XKeycardMalfunction", "{92AC5EEF-3F54-4EF3-B8DB-85A4D33877C7}"
EndProject
Project("{FAE04EC0-301F-11D3-BF4B-00C04F79EFBC}") = "Pro079XKeycardMalfunction", "Ultimates\Pro079XKeycardMalfunction\Pro079XKeycardMalfunction.csproj", "{6FCE13E1-F032-438D-837A-743A28928FB4}"
EndProject
Global
	GlobalSection(SolutionConfigurationPlatforms) = preSolution
		Debug|Any CPU = Debug|Any CPU
		Release|Any CPU = Release|Any CPU
	EndGlobalSection
	GlobalSection(ProjectConfigurationPlatforms) = postSolution
		{F2C470C4-8D4D-47C8-9F7B-155D58169AEB}.Debug|Any CPU.ActiveCfg = Debug|Any CPU
		{F2C470C4-8D4D-47C8-9F7B-155D58169AEB}.Debug|Any CPU.Build.0 = Debug|Any CPU
		{F2C470C4-8D4D-47C8-9F7B-155D58169AEB}.Release|Any CPU.ActiveCfg = Release|Any CPU
		{F2C470C4-8D4D-47C8-9F7B-155D58169AEB}.Release|Any CPU.Build.0 = Release|Any CPU
		{125EFB99-093A-4D86-A045-478DC9FD2C7D}.Debug|Any CPU.ActiveCfg = Debug|Any CPU
		{125EFB99-093A-4D86-A045-478DC9FD2C7D}.Debug|Any CPU.Build.0 = Debug|Any CPU
		{125EFB99-093A-4D86-A045-478DC9FD2C7D}.Release|Any CPU.ActiveCfg = Release|Any CPU
		{125EFB99-093A-4D86-A045-478DC9FD2C7D}.Release|Any CPU.Build.0 = Release|Any CPU
		{5A558496-0D78-46C2-8EE3-ADE6A3FFC437}.Debug|Any CPU.ActiveCfg = Debug|Any CPU
		{5A558496-0D78-46C2-8EE3-ADE6A3FFC437}.Debug|Any CPU.Build.0 = Debug|Any CPU
		{5A558496-0D78-46C2-8EE3-ADE6A3FFC437}.Release|Any CPU.ActiveCfg = Release|Any CPU
		{5A558496-0D78-46C2-8EE3-ADE6A3FFC437}.Release|Any CPU.Build.0 = Release|Any CPU
		{9E41083F-4451-441E-BCC0-0DD3EE139FB7}.Debug|Any CPU.ActiveCfg = Debug|Any CPU
		{9E41083F-4451-441E-BCC0-0DD3EE139FB7}.Debug|Any CPU.Build.0 = Debug|Any CPU
		{9E41083F-4451-441E-BCC0-0DD3EE139FB7}.Release|Any CPU.ActiveCfg = Release|Any CPU
		{9E41083F-4451-441E-BCC0-0DD3EE139FB7}.Release|Any CPU.Build.0 = Release|Any CPU
		{8C99DA81-2D92-4C09-B723-40348ADEE06A}.Debug|Any CPU.ActiveCfg = Debug|Any CPU
		{8C99DA81-2D92-4C09-B723-40348ADEE06A}.Debug|Any CPU.Build.0 = Debug|Any CPU
		{8C99DA81-2D92-4C09-B723-40348ADEE06A}.Release|Any CPU.ActiveCfg = Release|Any CPU
		{8C99DA81-2D92-4C09-B723-40348ADEE06A}.Release|Any CPU.Build.0 = Release|Any CPU
		{74CD65C7-14F5-4055-92FD-EC117BEFE0D3}.Debug|Any CPU.ActiveCfg = Debug|Any CPU
		{74CD65C7-14F5-4055-92FD-EC117BEFE0D3}.Debug|Any CPU.Build.0 = Debug|Any CPU
		{74CD65C7-14F5-4055-92FD-EC117BEFE0D3}.Release|Any CPU.ActiveCfg = Release|Any CPU
		{74CD65C7-14F5-4055-92FD-EC117BEFE0D3}.Release|Any CPU.Build.0 = Release|Any CPU
		{3838C57D-C0AE-4C68-A290-0D6A3ACFF10D}.Debug|Any CPU.ActiveCfg = Debug|Any CPU
		{3838C57D-C0AE-4C68-A290-0D6A3ACFF10D}.Debug|Any CPU.Build.0 = Debug|Any CPU
		{3838C57D-C0AE-4C68-A290-0D6A3ACFF10D}.Release|Any CPU.ActiveCfg = Release|Any CPU
		{3838C57D-C0AE-4C68-A290-0D6A3ACFF10D}.Release|Any CPU.Build.0 = Release|Any CPU
		{D536F6A0-150D-4B29-A9D9-B4DE27B34A33}.Debug|Any CPU.ActiveCfg = Debug|Any CPU
		{D536F6A0-150D-4B29-A9D9-B4DE27B34A33}.Debug|Any CPU.Build.0 = Debug|Any CPU
		{D536F6A0-150D-4B29-A9D9-B4DE27B34A33}.Release|Any CPU.ActiveCfg = Release|Any CPU
		{D536F6A0-150D-4B29-A9D9-B4DE27B34A33}.Release|Any CPU.Build.0 = Release|Any CPU
		{F98D7EB8-0E02-443A-AA84-EDAFE0195CA7}.Debug|Any CPU.ActiveCfg = Debug|Any CPU
		{F98D7EB8-0E02-443A-AA84-EDAFE0195CA7}.Debug|Any CPU.Build.0 = Debug|Any CPU
		{F98D7EB8-0E02-443A-AA84-EDAFE0195CA7}.Release|Any CPU.ActiveCfg = Release|Any CPU
		{F98D7EB8-0E02-443A-AA84-EDAFE0195CA7}.Release|Any CPU.Build.0 = Release|Any CPU
		{78D314DC-0385-4975-82C6-7067F86C1827}.Debug|Any CPU.ActiveCfg = Debug|Any CPU
		{78D314DC-0385-4975-82C6-7067F86C1827}.Debug|Any CPU.Build.0 = Debug|Any CPU
		{78D314DC-0385-4975-82C6-7067F86C1827}.Release|Any CPU.ActiveCfg = Release|Any CPU
		{78D314DC-0385-4975-82C6-7067F86C1827}.Release|Any CPU.Build.0 = Release|Any CPU
		{6FCE13E1-F032-438D-837A-743A28928FB4}.Debug|Any CPU.ActiveCfg = Debug|Any CPU
		{6FCE13E1-F032-438D-837A-743A28928FB4}.Debug|Any CPU.Build.0 = Debug|Any CPU
		{6FCE13E1-F032-438D-837A-743A28928FB4}.Release|Any CPU.ActiveCfg = Release|Any CPU
		{6FCE13E1-F032-438D-837A-743A28928FB4}.Release|Any CPU.Build.0 = Release|Any CPU
	EndGlobalSection
	GlobalSection(NestedProjects) = preSolution
		{F2C470C4-8D4D-47C8-9F7B-155D58169AEB} = {E989C597-2DCD-444C-9B25-8F28EAAF2DC9}
		{67EEF07D-D9F0-4CA4-9D9C-709DBAD0C503} = {80103847-942D-4D17-933E-BE665CD84CEA}
		{126482AD-0C8E-4BA0-BAAF-0B68D0165D01} = {DD0A0E4B-3B7F-439F-85F3-5BF4008B93CA}
		{125EFB99-093A-4D86-A045-478DC9FD2C7D} = {67EEF07D-D9F0-4CA4-9D9C-709DBAD0C503}
		{5A558496-0D78-46C2-8EE3-ADE6A3FFC437} = {126482AD-0C8E-4BA0-BAAF-0B68D0165D01}
		{6894CA3E-DF28-4F53-A8DF-283A640B86A6} = {DD0A0E4B-3B7F-439F-85F3-5BF4008B93CA}
		{9E41083F-4451-441E-BCC0-0DD3EE139FB7} = {6894CA3E-DF28-4F53-A8DF-283A640B86A6}
		{9C0AADD0-EA7B-4BCE-9EA5-ED9333CA3902} = {80103847-942D-4D17-933E-BE665CD84CEA}
		{8C99DA81-2D92-4C09-B723-40348ADEE06A} = {9C0AADD0-EA7B-4BCE-9EA5-ED9333CA3902}
		{7CFA01A9-7FAB-46AA-A2F9-7F44532CAB1D} = {80103847-942D-4D17-933E-BE665CD84CEA}
		{74CD65C7-14F5-4055-92FD-EC117BEFE0D3} = {7CFA01A9-7FAB-46AA-A2F9-7F44532CAB1D}
		{643687AC-1BC2-45F2-BE34-DB3AAE30E38F} = {80103847-942D-4D17-933E-BE665CD84CEA}
		{3838C57D-C0AE-4C68-A290-0D6A3ACFF10D} = {643687AC-1BC2-45F2-BE34-DB3AAE30E38F}
		{CD3163DD-BCE0-44C6-9EFF-2A3BA9835DB9} = {80103847-942D-4D17-933E-BE665CD84CEA}
		{D536F6A0-150D-4B29-A9D9-B4DE27B34A33} = {CD3163DD-BCE0-44C6-9EFF-2A3BA9835DB9}
		{F33C6E34-22D6-451D-8138-A55B1A4E74B5} = {80103847-942D-4D17-933E-BE665CD84CEA}
		{F98D7EB8-0E02-443A-AA84-EDAFE0195CA7} = {F33C6E34-22D6-451D-8138-A55B1A4E74B5}
		{C6430643-3569-4F0B-81C8-C03A110E4AB8} = {80103847-942D-4D17-933E-BE665CD84CEA}
		{78D314DC-0385-4975-82C6-7067F86C1827} = {C6430643-3569-4F0B-81C8-C03A110E4AB8}
		{92AC5EEF-3F54-4EF3-B8DB-85A4D33877C7} = {DD0A0E4B-3B7F-439F-85F3-5BF4008B93CA}
		{6FCE13E1-F032-438D-837A-743A28928FB4} = {92AC5EEF-3F54-4EF3-B8DB-85A4D33877C7}
	EndGlobalSection
EndGlobal
